
Microsoft Visual Studio Solution File, Format Version 12.00
# Visual Studio Version 17
VisualStudioVersion = 17.4.33213.308
MinimumVisualStudioVersion = 10.0.40219.1
Project("{FAE04EC0-301F-11D3-BF4B-00C04F79EFBC}") = "WindowsFormsApp1", "WindowsFormsApp1\WindowsFormsApp1.csproj", "{AE801B1E-154F-4E67-B263-FBF10ABB929D}"
EndProject
Global
	GlobalSection(SolutionConfigurationPlatforms) = preSolution
		Debug|Any CPU = Debug|Any CPU
		Release|Any CPU = Release|Any CPU
	EndGlobalSection
	GlobalSection(ProjectConfigurationPlatforms) = postSolution
		{AE801B1E-154F-4E67-B263-FBF10ABB929D}.Debug|Any CPU.ActiveCfg = Debug|Any CPU
		{AE801B1E-154F-4E67-B263-FBF10ABB929D}.Debug|Any CPU.Build.0 = Debug|Any CPU
		{AE801B1E-154F-4E67-B263-FBF10ABB929D}.Release|Any CPU.ActiveCfg = Release|Any CPU
		{AE801B1E-154F-4E67-B263-FBF10ABB929D}.Release|Any CPU.Build.0 = Release|Any CPU
	EndGlobalSection
	GlobalSection(SolutionProperties) = preSolution
		HideSolutionNode = FALSE
	EndGlobalSection
	GlobalSection(ExtensibilityGlobals) = postSolution
		SolutionGuid = {2B8B7F3B-D2AE-4304-A42E-6BA5487E7344}
	EndGlobalSection
EndGlobal
